
Microsoft Visual Studio Solution File, Format Version 12.00
# Visual Studio Version 17
VisualStudioVersion = 17.4.33213.308
MinimumVisualStudioVersion = 10.0.40219.1
Project("{FAE04EC0-301F-11D3-BF4B-00C04F79EFBC}") = "Sistema_Biblioteca", "Sistema_Biblioteca\Sistema_Biblioteca.csproj", "{B4A17D60-872C-40D4-8ADE-37DBD2CC080C}"
EndProject
Global
	GlobalSection(SolutionConfigurationPlatforms) = preSolution
		Debug|Any CPU = Debug|Any CPU
		Release|Any CPU = Release|Any CPU
	EndGlobalSection
	GlobalSection(ProjectConfigurationPlatforms) = postSolution
		{B4A17D60-872C-40D4-8ADE-37DBD2CC080C}.Debug|Any CPU.ActiveCfg = Debug|Any CPU
		{B4A17D60-872C-40D4-8ADE-37DBD2CC080C}.Debug|Any CPU.Build.0 = Debug|Any CPU
		{B4A17D60-872C-40D4-8ADE-37DBD2CC080C}.Release|Any CPU.ActiveCfg = Release|Any CPU
		{B4A17D60-872C-40D4-8ADE-37DBD2CC080C}.Release|Any CPU.Build.0 = Release|Any CPU
	EndGlobalSection
	GlobalSection(SolutionProperties) = preSolution
		HideSolutionNode = FALSE
	EndGlobalSection
	GlobalSection(ExtensibilityGlobals) = postSolution
		SolutionGuid = {04FEE1B3-ECE3-4869-927A-D70103532E58}
	EndGlobalSection
EndGlobal
